
Microsoft Visual Studio Solution File, Format Version 12.00
# Visual Studio 15
VisualStudioVersion = 15.0.26730.12
MinimumVisualStudioVersion = 10.0.40219.1
Project("{FAE04EC0-301F-11D3-BF4B-00C04F79EFBC}") = "Lab12v2", "Lab12v2\Lab12v2.csproj", "{4483FFE5-2836-4119-A152-088457755577}"
EndProject
Global
	GlobalSection(SolutionConfigurationPlatforms) = preSolution
		Debug|Any CPU = Debug|Any CPU
		Release|Any CPU = Release|Any CPU
	EndGlobalSection
	GlobalSection(ProjectConfigurationPlatforms) = postSolution
		{4483FFE5-2836-4119-A152-088457755577}.Debug|Any CPU.ActiveCfg = Debug|Any CPU
		{4483FFE5-2836-4119-A152-088457755577}.Debug|Any CPU.Build.0 = Debug|Any CPU
		{4483FFE5-2836-4119-A152-088457755577}.Release|Any CPU.ActiveCfg = Release|Any CPU
		{4483FFE5-2836-4119-A152-088457755577}.Release|Any CPU.Build.0 = Release|Any CPU
	EndGlobalSection
	GlobalSection(SolutionProperties) = preSolution
		HideSolutionNode = FALSE
	EndGlobalSection
	GlobalSection(ExtensibilityGlobals) = postSolution
		SolutionGuid = {A86DCE12-0398-48FB-8E4F-B0B0C2211BFF}
	EndGlobalSection
EndGlobal
